
Microsoft Visual Studio Solution File, Format Version 12.00
# Visual Studio Version 16
VisualStudioVersion = 16.0.28803.156
MinimumVisualStudioVersion = 10.0.40219.1
Project("{FAE04EC0-301F-11D3-BF4B-00C04F79EFBC}") = "FCSWebDemo", "FCSWebDemo\FCSWebDemo.csproj", "{4A2BB3D9-759B-4976-9199-A292A4152288}"
EndProject
Global
	GlobalSection(SolutionConfigurationPlatforms) = preSolution
		Debug|Any CPU = Debug|Any CPU
		Release|Any CPU = Release|Any CPU
	EndGlobalSection
	GlobalSection(ProjectConfigurationPlatforms) = postSolution
		{4A2BB3D9-759B-4976-9199-A292A4152288}.Debug|Any CPU.ActiveCfg = Debug|Any CPU
		{4A2BB3D9-759B-4976-9199-A292A4152288}.Debug|Any CPU.Build.0 = Debug|Any CPU
		{4A2BB3D9-759B-4976-9199-A292A4152288}.Release|Any CPU.ActiveCfg = Release|Any CPU
		{4A2BB3D9-759B-4976-9199-A292A4152288}.Release|Any CPU.Build.0 = Release|Any CPU
	EndGlobalSection
	GlobalSection(SolutionProperties) = preSolution
		HideSolutionNode = FALSE
	EndGlobalSection
	GlobalSection(ExtensibilityGlobals) = postSolution
		SolutionGuid = {82EC0424-B130-47B8-B666-813CE21A1028}
	EndGlobalSection
EndGlobal
